
Microsoft Visual Studio Solution File, Format Version 12.00
# Visual Studio Version 17
VisualStudioVersion = 17.4.33213.308
MinimumVisualStudioVersion = 10.0.40219.1
Project("{FAE04EC0-301F-11D3-BF4B-00C04F79EFBC}") = "C Sharp HW Leah Merzel", "C Sharp HW Leah Merzel\C Sharp HW Leah Merzel.csproj", "{7469849A-DC24-4980-A4B2-2C9DD423EF22}"
EndProject
Project("{FAE04EC0-301F-11D3-BF4B-00C04F79EFBC}") = "C Sharp Design Patterns", "C Sharp Design Patterns\C Sharp Design Patterns.csproj", "{AC591A8F-AA55-42A1-BE55-31705EE778C6}"
EndProject
Global
	GlobalSection(SolutionConfigurationPlatforms) = preSolution
		Debug|Any CPU = Debug|Any CPU
		Release|Any CPU = Release|Any CPU
	EndGlobalSection
	GlobalSection(ProjectConfigurationPlatforms) = postSolution
		{7469849A-DC24-4980-A4B2-2C9DD423EF22}.Debug|Any CPU.ActiveCfg = Debug|Any CPU
		{7469849A-DC24-4980-A4B2-2C9DD423EF22}.Debug|Any CPU.Build.0 = Debug|Any CPU
		{7469849A-DC24-4980-A4B2-2C9DD423EF22}.Release|Any CPU.ActiveCfg = Release|Any CPU
		{7469849A-DC24-4980-A4B2-2C9DD423EF22}.Release|Any CPU.Build.0 = Release|Any CPU
		{AC591A8F-AA55-42A1-BE55-31705EE778C6}.Debug|Any CPU.ActiveCfg = Debug|Any CPU
		{AC591A8F-AA55-42A1-BE55-31705EE778C6}.Debug|Any CPU.Build.0 = Debug|Any CPU
		{AC591A8F-AA55-42A1-BE55-31705EE778C6}.Release|Any CPU.ActiveCfg = Release|Any CPU
		{AC591A8F-AA55-42A1-BE55-31705EE778C6}.Release|Any CPU.Build.0 = Release|Any CPU
	EndGlobalSection
	GlobalSection(SolutionProperties) = preSolution
		HideSolutionNode = FALSE
	EndGlobalSection
	GlobalSection(ExtensibilityGlobals) = postSolution
		SolutionGuid = {4421FF7E-A32D-42AC-B383-09BC92C72C32}
	EndGlobalSection
EndGlobal
